
Microsoft Visual Studio Solution File, Format Version 12.00
# Visual Studio 15
VisualStudioVersion = 15.0.28307.271
MinimumVisualStudioVersion = 10.0.40219.1
Project("{8BC9CEB8-8B4A-11D0-8D11-00A0C91BC942}") = "POKEngine", "POKEngine.vcxproj", "{B29EF459-6EAE-4D18-8096-AC75E3C02EA6}"
EndProject
Global
	GlobalSection(SolutionConfigurationPlatforms) = preSolution
		Debug|x64 = Debug|x64
		Debug|x86 = Debug|x86
		Release|x64 = Release|x64
		Release|x86 = Release|x86
	EndGlobalSection
	GlobalSection(ProjectConfigurationPlatforms) = postSolution
		{B29EF459-6EAE-4D18-8096-AC75E3C02EA6}.Debug|x64.ActiveCfg = Debug|x64
		{B29EF459-6EAE-4D18-8096-AC75E3C02EA6}.Debug|x64.Build.0 = Debug|x64
		{B29EF459-6EAE-4D18-8096-AC75E3C02EA6}.Debug|x86.ActiveCfg = Debug|Win32
		{B29EF459-6EAE-4D18-8096-AC75E3C02EA6}.Debug|x86.Build.0 = Debug|Win32
		{B29EF459-6EAE-4D18-8096-AC75E3C02EA6}.Release|x64.ActiveCfg = Release|x64
		{B29EF459-6EAE-4D18-8096-AC75E3C02EA6}.Release|x64.Build.0 = Release|x64
		{B29EF459-6EAE-4D18-8096-AC75E3C02EA6}.Release|x86.ActiveCfg = Release|Win32
		{B29EF459-6EAE-4D18-8096-AC75E3C02EA6}.Release|x86.Build.0 = Release|Win32
	EndGlobalSection
	GlobalSection(SolutionProperties) = preSolution
		HideSolutionNode = FALSE
	EndGlobalSection
	GlobalSection(ExtensibilityGlobals) = postSolution
		SolutionGuid = {DD86F5C6-FB48-4C8A-806F-57258511C8CB}
	EndGlobalSection
EndGlobal
